
Microsoft Visual Studio Solution File, Format Version 12.00
# Visual Studio Version 17
VisualStudioVersion = 17.13.35818.85 d17.13
MinimumVisualStudioVersion = 10.0.40219.1
Project("{FAE04EC0-301F-11D3-BF4B-00C04F79EFBC}") = "AKNet", "AKNet\AKNet.csproj", "{49754D35-E5B4-425C-B469-6CD76C7F6B22}"
EndProject
Project("{FAE04EC0-301F-11D3-BF4B-00C04F79EFBC}") = "AKNet.Extentions.Protobuf", "AKNet.Extentions.Protobuf\AKNet.Extentions.Protobuf.csproj", "{436E684D-7574-62F0-33BD-1ED7D93FFB3E}"
EndProject
Global
	GlobalSection(SolutionConfigurationPlatforms) = preSolution
		Debug|Any CPU = Debug|Any CPU
		Release|Any CPU = Release|Any CPU
	EndGlobalSection
	GlobalSection(ProjectConfigurationPlatforms) = postSolution
		{49754D35-E5B4-425C-B469-6CD76C7F6B22}.Debug|Any CPU.ActiveCfg = Debug|Any CPU
		{49754D35-E5B4-425C-B469-6CD76C7F6B22}.Debug|Any CPU.Build.0 = Debug|Any CPU
		{49754D35-E5B4-425C-B469-6CD76C7F6B22}.Release|Any CPU.ActiveCfg = Release|Any CPU
		{49754D35-E5B4-425C-B469-6CD76C7F6B22}.Release|Any CPU.Build.0 = Release|Any CPU
		{436E684D-7574-62F0-33BD-1ED7D93FFB3E}.Debug|Any CPU.ActiveCfg = Debug|Any CPU
		{436E684D-7574-62F0-33BD-1ED7D93FFB3E}.Debug|Any CPU.Build.0 = Debug|Any CPU
		{436E684D-7574-62F0-33BD-1ED7D93FFB3E}.Release|Any CPU.ActiveCfg = Release|Any CPU
		{436E684D-7574-62F0-33BD-1ED7D93FFB3E}.Release|Any CPU.Build.0 = Release|Any CPU
	EndGlobalSection
	GlobalSection(SolutionProperties) = preSolution
		HideSolutionNode = FALSE
	EndGlobalSection
	GlobalSection(ExtensibilityGlobals) = postSolution
		SolutionGuid = {9B75A6A1-AE20-45B4-BA14-A37285661EBF}
	EndGlobalSection
EndGlobal
